
Microsoft Visual Studio Solution File, Format Version 12.00
# Visual Studio 2012
Project("{FAE04EC0-301F-11D3-BF4B-00C04F79EFBC}") = "HighChem.SAP.WebService", "HighChem.SAP.WebService.csproj", "{195756FC-D63B-4EFA-B83E-3A78F3F6992A}"
EndProject
Project("{FAE04EC0-301F-11D3-BF4B-00C04F79EFBC}") = "HighChem.SAP.Data", "..\HighChem.SAP.Data\HighChem.SAP.Data.csproj", "{2B34E67A-7E96-42CE-AE1C-C1176A67E3C4}"
EndProject
Project("{FAE04EC0-301F-11D3-BF4B-00C04F79EFBC}") = "HighChem.SAP.Modelo", "..\HighChem.SAP.Modelo\HighChem.SAP.Modelo.csproj", "{2F59AAF8-59DB-4FE2-BD12-762B8C1C5355}"
EndProject
Global
	GlobalSection(SolutionConfigurationPlatforms) = preSolution
		Debug|Any CPU = Debug|Any CPU
		Release|Any CPU = Release|Any CPU
	EndGlobalSection
	GlobalSection(ProjectConfigurationPlatforms) = postSolution
		{195756FC-D63B-4EFA-B83E-3A78F3F6992A}.Debug|Any CPU.ActiveCfg = Debug|Any CPU
		{195756FC-D63B-4EFA-B83E-3A78F3F6992A}.Debug|Any CPU.Build.0 = Debug|Any CPU
		{195756FC-D63B-4EFA-B83E-3A78F3F6992A}.Release|Any CPU.ActiveCfg = Release|Any CPU
		{195756FC-D63B-4EFA-B83E-3A78F3F6992A}.Release|Any CPU.Build.0 = Release|Any CPU
		{2B34E67A-7E96-42CE-AE1C-C1176A67E3C4}.Debug|Any CPU.ActiveCfg = Debug|Any CPU
		{2B34E67A-7E96-42CE-AE1C-C1176A67E3C4}.Debug|Any CPU.Build.0 = Debug|Any CPU
		{2B34E67A-7E96-42CE-AE1C-C1176A67E3C4}.Release|Any CPU.ActiveCfg = Release|Any CPU
		{2B34E67A-7E96-42CE-AE1C-C1176A67E3C4}.Release|Any CPU.Build.0 = Release|Any CPU
		{2F59AAF8-59DB-4FE2-BD12-762B8C1C5355}.Debug|Any CPU.ActiveCfg = Debug|Any CPU
		{2F59AAF8-59DB-4FE2-BD12-762B8C1C5355}.Debug|Any CPU.Build.0 = Debug|Any CPU
		{2F59AAF8-59DB-4FE2-BD12-762B8C1C5355}.Release|Any CPU.ActiveCfg = Release|Any CPU
		{2F59AAF8-59DB-4FE2-BD12-762B8C1C5355}.Release|Any CPU.Build.0 = Release|Any CPU
	EndGlobalSection
	GlobalSection(SolutionProperties) = preSolution
		HideSolutionNode = FALSE
	EndGlobalSection
EndGlobal
